
Microsoft Visual Studio Solution File, Format Version 12.00
# Visual Studio 15
VisualStudioVersion = 15.0.28010.2048
MinimumVisualStudioVersion = 10.0.40219.1
Project("{FAE04EC0-301F-11D3-BF4B-00C04F79EFBC}") = "ControllersBasics", "ControllersBasics\ControllersBasics.csproj", "{D0F171AE-E320-4456-832E-C40DA593FEDD}"
EndProject
Global
	GlobalSection(SolutionConfigurationPlatforms) = preSolution
		Debug|Any CPU = Debug|Any CPU
		Release|Any CPU = Release|Any CPU
	EndGlobalSection
	GlobalSection(ProjectConfigurationPlatforms) = postSolution
		{D0F171AE-E320-4456-832E-C40DA593FEDD}.Debug|Any CPU.ActiveCfg = Debug|Any CPU
		{D0F171AE-E320-4456-832E-C40DA593FEDD}.Debug|Any CPU.Build.0 = Debug|Any CPU
		{D0F171AE-E320-4456-832E-C40DA593FEDD}.Release|Any CPU.ActiveCfg = Release|Any CPU
		{D0F171AE-E320-4456-832E-C40DA593FEDD}.Release|Any CPU.Build.0 = Release|Any CPU
	EndGlobalSection
	GlobalSection(SolutionProperties) = preSolution
		HideSolutionNode = FALSE
	EndGlobalSection
	GlobalSection(ExtensibilityGlobals) = postSolution
		SolutionGuid = {51565239-BBB8-47C0-B356-402949A2B7F1}
	EndGlobalSection
EndGlobal
